
Microsoft Visual Studio Solution File, Format Version 12.00
# Visual Studio Version 16
VisualStudioVersion = 16.0.29306.81
MinimumVisualStudioVersion = 10.0.40219.1
Project("{9A19103F-16F7-4668-BE54-9A1E7A4F7556}") = "Website", "Website\website.csproj", "{E32F6FAB-4241-45C4-AC29-9EA79CFA7A30}"
EndProject
Project("{9A19103F-16F7-4668-BE54-9A1E7A4F7556}") = "Shared", "Shared\Shared.csproj", "{96471BDB-2F30-41F4-83B4-2D8DBC0B929B}"
EndProject
Project("{2150E333-8FDC-42A3-9474-1A3956D46DE8}") = "Blue", "Blue", "{054D9480-05DC-43E4-836D-3BF0D4490181}"
EndProject
Project("{2150E333-8FDC-42A3-9474-1A3956D46DE8}") = "Red", "Red", "{74424689-E864-476F-BAFE-9977B752F47C}"
EndProject
Project("{2150E333-8FDC-42A3-9474-1A3956D46DE8}") = "Yellow", "Yellow", "{A4E54E0B-6515-44FC-A09F-138D850BD103}"
EndProject
Project("{FAE04EC0-301F-11D3-BF4B-00C04F79EFBC}") = "Yellow.Ticketing", "Yellow.Ticketing\Yellow.Ticketing.csproj", "{2E6CDBC9-C3E3-4233-AB3D-59DFEF849434}"
EndProject
Project("{FAE04EC0-301F-11D3-BF4B-00C04F79EFBC}") = "Yellow.Data", "Yellow.Data\Yellow.Data.csproj", "{067B9EAC-1618-4EAF-B2FF-E28303CF8813}"
EndProject
Project("{FAE04EC0-301F-11D3-BF4B-00C04F79EFBC}") = "Yellow.Messages", "Yellow.Messages\Yellow.Messages.csproj", "{6A21796C-14BF-41A1-A134-0894771E8065}"
EndProject
Project("{FAE04EC0-301F-11D3-BF4B-00C04F79EFBC}") = "Red.Data", "Red.Data\Red.Data.csproj", "{64FA8FD0-FA97-49B6-A3E0-EA1B74F3A655}"
EndProject
Project("{FAE04EC0-301F-11D3-BF4B-00C04F79EFBC}") = "Red.Messages", "Red.Messages\Red.Messages.csproj", "{E0342C5D-4DD7-4B46-A7F2-48D974F0A925}"
EndProject
Project("{FAE04EC0-301F-11D3-BF4B-00C04F79EFBC}") = "Blue.Data", "Blue.Data\Blue.Data.csproj", "{E729C35C-B46D-4980-8646-EE5E8F375F20}"
EndProject
Global
	GlobalSection(SolutionConfigurationPlatforms) = preSolution
		Debug|Any CPU = Debug|Any CPU
		Release|Any CPU = Release|Any CPU
	EndGlobalSection
	GlobalSection(ProjectConfigurationPlatforms) = postSolution
		{E32F6FAB-4241-45C4-AC29-9EA79CFA7A30}.Debug|Any CPU.ActiveCfg = Debug|Any CPU
		{E32F6FAB-4241-45C4-AC29-9EA79CFA7A30}.Debug|Any CPU.Build.0 = Debug|Any CPU
		{E32F6FAB-4241-45C4-AC29-9EA79CFA7A30}.Release|Any CPU.ActiveCfg = Release|Any CPU
		{E32F6FAB-4241-45C4-AC29-9EA79CFA7A30}.Release|Any CPU.Build.0 = Release|Any CPU
		{96471BDB-2F30-41F4-83B4-2D8DBC0B929B}.Debug|Any CPU.ActiveCfg = Debug|Any CPU
		{96471BDB-2F30-41F4-83B4-2D8DBC0B929B}.Debug|Any CPU.Build.0 = Debug|Any CPU
		{96471BDB-2F30-41F4-83B4-2D8DBC0B929B}.Release|Any CPU.ActiveCfg = Release|Any CPU
		{96471BDB-2F30-41F4-83B4-2D8DBC0B929B}.Release|Any CPU.Build.0 = Release|Any CPU
		{2E6CDBC9-C3E3-4233-AB3D-59DFEF849434}.Debug|Any CPU.ActiveCfg = Debug|Any CPU
		{2E6CDBC9-C3E3-4233-AB3D-59DFEF849434}.Debug|Any CPU.Build.0 = Debug|Any CPU
		{2E6CDBC9-C3E3-4233-AB3D-59DFEF849434}.Release|Any CPU.ActiveCfg = Release|Any CPU
		{2E6CDBC9-C3E3-4233-AB3D-59DFEF849434}.Release|Any CPU.Build.0 = Release|Any CPU
		{067B9EAC-1618-4EAF-B2FF-E28303CF8813}.Debug|Any CPU.ActiveCfg = Debug|Any CPU
		{067B9EAC-1618-4EAF-B2FF-E28303CF8813}.Debug|Any CPU.Build.0 = Debug|Any CPU
		{067B9EAC-1618-4EAF-B2FF-E28303CF8813}.Release|Any CPU.ActiveCfg = Release|Any CPU
		{067B9EAC-1618-4EAF-B2FF-E28303CF8813}.Release|Any CPU.Build.0 = Release|Any CPU
		{6A21796C-14BF-41A1-A134-0894771E8065}.Debug|Any CPU.ActiveCfg = Debug|Any CPU
		{6A21796C-14BF-41A1-A134-0894771E8065}.Debug|Any CPU.Build.0 = Debug|Any CPU
		{6A21796C-14BF-41A1-A134-0894771E8065}.Release|Any CPU.ActiveCfg = Release|Any CPU
		{6A21796C-14BF-41A1-A134-0894771E8065}.Release|Any CPU.Build.0 = Release|Any CPU
		{64FA8FD0-FA97-49B6-A3E0-EA1B74F3A655}.Debug|Any CPU.ActiveCfg = Debug|Any CPU
		{64FA8FD0-FA97-49B6-A3E0-EA1B74F3A655}.Debug|Any CPU.Build.0 = Debug|Any CPU
		{64FA8FD0-FA97-49B6-A3E0-EA1B74F3A655}.Release|Any CPU.ActiveCfg = Release|Any CPU
		{64FA8FD0-FA97-49B6-A3E0-EA1B74F3A655}.Release|Any CPU.Build.0 = Release|Any CPU
		{E0342C5D-4DD7-4B46-A7F2-48D974F0A925}.Debug|Any CPU.ActiveCfg = Debug|Any CPU
		{E0342C5D-4DD7-4B46-A7F2-48D974F0A925}.Debug|Any CPU.Build.0 = Debug|Any CPU
		{E0342C5D-4DD7-4B46-A7F2-48D974F0A925}.Release|Any CPU.ActiveCfg = Release|Any CPU
		{E0342C5D-4DD7-4B46-A7F2-48D974F0A925}.Release|Any CPU.Build.0 = Release|Any CPU
		{E729C35C-B46D-4980-8646-EE5E8F375F20}.Debug|Any CPU.ActiveCfg = Debug|Any CPU
		{E729C35C-B46D-4980-8646-EE5E8F375F20}.Debug|Any CPU.Build.0 = Debug|Any CPU
		{E729C35C-B46D-4980-8646-EE5E8F375F20}.Release|Any CPU.ActiveCfg = Release|Any CPU
		{E729C35C-B46D-4980-8646-EE5E8F375F20}.Release|Any CPU.Build.0 = Release|Any CPU
	EndGlobalSection
	GlobalSection(SolutionProperties) = preSolution
		HideSolutionNode = FALSE
	EndGlobalSection
	GlobalSection(ExtensibilityGlobals) = postSolution
		SolutionGuid = {74F9217A-2CC7-45E3-9E94-EBCF9E3C8E6C}
	EndGlobalSection
	GlobalSection(NestedProjects) = preSolution
		{2E6CDBC9-C3E3-4233-AB3D-59DFEF849434} = {A4E54E0B-6515-44FC-A09F-138D850BD103}
		{067B9EAC-1618-4EAF-B2FF-E28303CF8813} = {A4E54E0B-6515-44FC-A09F-138D850BD103}
		{6A21796C-14BF-41A1-A134-0894771E8065} = {A4E54E0B-6515-44FC-A09F-138D850BD103}
		{64FA8FD0-FA97-49B6-A3E0-EA1B74F3A655} = {74424689-E864-476F-BAFE-9977B752F47C}
		{E0342C5D-4DD7-4B46-A7F2-48D974F0A925} = {74424689-E864-476F-BAFE-9977B752F47C}
		{E729C35C-B46D-4980-8646-EE5E8F375F20} = {054D9480-05DC-43E4-836D-3BF0D4490181}
	EndGlobalSection
EndGlobal
